<?xml version="1.0" encoding="utf-8"?>
<Project ToolsVersion="4.0" xmlns="http://schemas.microsoft.com/developer/msbuild/2003">
  <ItemGroup>
    <Filter Include="ソース ファイル">
      <UniqueIdentifier>{4FC737F1-C7A5-4376-A066-2A32D752A2FF}</UniqueIdentifier>
      <Extensions>cpp;c;cc;cxx;c++;cppm;ixx;def;odl;idl;hpj;bat;asm;asmx</Extensions>
    </Filter>
    <Filter Include="ヘッダー ファイル">
      <UniqueIdentifier>{93995380-89BD-4b04-88EB-625FBE52EBFB}</UniqueIdentifier>
      <Extensions>h;hh;hpp;hxx;h++;hm;inl;inc;ipp;xsd</Extensions>
    </Filter>
    <Filter Include="リソース ファイル">
      <UniqueIdentifier>{67DA6AB6-F800-4c08-8B7A-83BB121AAD01}</UniqueIdentifier>
      <Extensions>rc;ico;cur;bmp;dlg;rc2;rct;bin;rgs;gif;jpg;jpeg;jpe;resx;tiff;tif;png;wav;mfcribbon-ms</Extensions>
    </Filter>
    <Filter Include="シーンマネージャー">
      <UniqueIdentifier>{eddcc571-2b4a-4752-b55b-7159798b63dc}</UniqueIdentifier>
    </Filter>
    <Filter Include="メイン">
      <UniqueIdentifier>{59f620b4-230a-4815-b7f3-2e650058b5ef}</UniqueIdentifier>
    </Filter>
    <Filter Include="シーン">
      <UniqueIdentifier>{9f4e0dd4-28ce-4bc1-9804-4239e0a8fbf4}</UniqueIdentifier>
    </Filter>
  </ItemGroup>
  <ItemGroup>
    <ClCompile Include="SourceFiles\SceneManager.cpp">
      <Filter>シーンマネージャー</Filter>
    </ClCompile>
    <ClCompile Include="SourceFiles\GameScene.cpp">
      <Filter>ソース ファイル</Filter>
    </ClCompile>
    <ClCompile Include="SourceFiles\GamePlayer.cpp">
      <Filter>ソース ファイル</Filter>
    </ClCompile>
    <ClCompile Include="SourceFiles\GameStage.cpp">
      <Filter>ソース ファイル</Filter>
    </ClCompile>
    <ClCompile Include="SourceFiles\main.cpp">
      <Filter>メイン</Filter>
    </ClCompile>
    <ClCompile Include="SourceFiles\padInput.cpp">
      <Filter>メイン</Filter>
    </ClCompile>
    <ClCompile Include="SourceFiles\GameUI.cpp">
      <Filter>ソース ファイル</Filter>
    </ClCompile>
    <ClCompile Include="SourceFiles\TitleScene.cpp">
      <Filter>シーン</Filter>
    </ClCompile>
    <ClCompile Include="SourceFiles\GameEnemy.cpp">
      <Filter>ソース ファイル</Filter>
    </ClCompile>
  </ItemGroup>
  <ItemGroup>
    <ClInclude Include="SourceFiles\AbstractScene.h">
      <Filter>シーンマネージャー</Filter>
    </ClInclude>
    <ClInclude Include="SourceFiles\SceneManager.h">
      <Filter>シーンマネージャー</Filter>
    </ClInclude>
    <ClInclude Include="SourceFiles\GameScene.h">
      <Filter>ヘッダー ファイル</Filter>
    </ClInclude>
    <ClInclude Include="SourceFiles\GamePlayer.h">
      <Filter>ヘッダー ファイル</Filter>
    </ClInclude>
    <ClInclude Include="SourceFiles\GameStage.h">
      <Filter>ヘッダー ファイル</Filter>
    </ClInclude>
    <ClInclude Include="SourceFiles\fps.h">
      <Filter>メイン</Filter>
    </ClInclude>
    <ClInclude Include="SourceFiles\main.h">
      <Filter>メイン</Filter>
    </ClInclude>
    <ClInclude Include="SourceFiles\padInput.h">
      <Filter>メイン</Filter>
    </ClInclude>
    <ClInclude Include="SourceFiles\GameUI.h">
      <Filter>ヘッダー ファイル</Filter>
    </ClInclude>
    <ClInclude Include="SourceFiles\TitleScene.h">
      <Filter>シーン</Filter>
    </ClInclude>
    <ClInclude Include="SourceFiles\GameEnemy.h">
      <Filter>ヘッダー ファイル</Filter>
    </ClInclude>
  </ItemGroup>
</Project>