<?xml version="1.0" encoding="utf-8"?>
<Project ToolsVersion="4.0" xmlns="http://schemas.microsoft.com/developer/msbuild/2003">
  <ItemGroup>
    <ClCompile Include="SourceFiles\GamePlayer.cpp" />
    <ClCompile Include="SourceFiles\GameScene.cpp" />
    <ClCompile Include="SourceFiles\GameStage.cpp" />
    <ClCompile Include="SourceFiles\main.cpp" />
    <ClCompile Include="SourceFiles\SceneManager.cpp" />
    <ClCompile Include="Stage.cpp" />
  </ItemGroup>
  <ItemGroup>
    <ClInclude Include="SourceFiles\AbstractScene.h" />
    <ClInclude Include="SourceFiles\GamePlayer.h" />
    <ClInclude Include="SourceFiles\GameScene.h" />
    <ClInclude Include="SourceFiles\GameStage.h" />
    <ClInclude Include="SourceFiles\common.h" />
    <ClInclude Include="SourceFiles\SceneManager.h" />
    <ClInclude Include="Stage.h" />
  </ItemGroup>
</Project>